
Microsoft Visual Studio Solution File, Format Version 11.00
# Visual Studio 2010
Project("{FAE04EC0-301F-11D3-BF4B-00C04F79EFBC}") = "HelloWorld", "src\sample\HelloWorld\HelloWorld.csproj", "{2087B5A3-5A02-4F6C-AB54-BDB96D32C291}"
EndProject
Project("{FAE04EC0-301F-11D3-BF4B-00C04F79EFBC}") = "Firefly", "src\main\Firefly\Firefly.csproj", "{CA805DDB-E41D-42A0-AF7E-2388E2670663}"
EndProject
Project("{FAE04EC0-301F-11D3-BF4B-00C04F79EFBC}") = "Firefly.Tests", "src\test\Firefly.Tests\Firefly.Tests.csproj", "{043474E8-309A-42EB-904B-F570EA10E82D}"
EndProject
Project("{FAE04EC0-301F-11D3-BF4B-00C04F79EFBC}") = "Sandbox", "src\sample\Sandbox\Sandbox.csproj", "{4A484DEF-B640-468C-A7FB-B8602D1180A8}"
EndProject
Project("{2150E333-8FDC-42A3-9474-1A3956D46DE8}") = "Profile", "Profile", "{FD1D2A43-12D2-42B7-8640-1CBE8B094A77}"
EndProject
Project("{FAE04EC0-301F-11D3-BF4B-00C04F79EFBC}") = "Profile.Server", "src\test\Profile.Server\Profile.Server.csproj", "{1332C39F-C2F1-4431-AF9E-1315C322E51A}"
EndProject
Project("{FAE04EC0-301F-11D3-BF4B-00C04F79EFBC}") = "Profile.HeaderParser", "src\test\Profile.HeaderParser\Profile.HeaderParser.csproj", "{63258335-EC44-4497-9016-167BDB8D0A53}"
EndProject
Project("{2150E333-8FDC-42A3-9474-1A3956D46DE8}") = "Samples", "Samples", "{0EFCCCA4-4234-4A7A-8B6A-F4BDD12C226D}"
EndProject
Project("{2150E333-8FDC-42A3-9474-1A3956D46DE8}") = ".Welcome", ".Welcome", "{AF2D9CC0-CBC1-47F3-847E-4ED35F139FAE}"
	ProjectSection(SolutionItems) = preProject
		LICENSE.txt = LICENSE.txt
		NOTICE.txt = NOTICE.txt
	EndProjectSection
EndProject
Project("{2150E333-8FDC-42A3-9474-1A3956D46DE8}") = "Build", "Build", "{87AEA17F-9DF3-4702-ABFC-9FD3FE5562DD}"
	ProjectSection(SolutionItems) = preProject
		build.cmd = build.cmd
		build.fsx = build.fsx
		Firefly.nuspec = Firefly.nuspec
		.nuget\NuGet.exe = .nuget\NuGet.exe
		.nuget\NuGet.targets = .nuget\NuGet.targets
		packages.config = packages.config
	EndProjectSection
EndProject
Global
	GlobalSection(SolutionConfigurationPlatforms) = preSolution
		Debug|Any CPU = Debug|Any CPU
		Debug|Mixed Platforms = Debug|Mixed Platforms
		Debug|x86 = Debug|x86
		Release|Any CPU = Release|Any CPU
		Release|Mixed Platforms = Release|Mixed Platforms
		Release|x86 = Release|x86
	EndGlobalSection
	GlobalSection(ProjectConfigurationPlatforms) = postSolution
		{2087B5A3-5A02-4F6C-AB54-BDB96D32C291}.Debug|Any CPU.ActiveCfg = Debug|x86
		{2087B5A3-5A02-4F6C-AB54-BDB96D32C291}.Debug|Mixed Platforms.ActiveCfg = Debug|x86
		{2087B5A3-5A02-4F6C-AB54-BDB96D32C291}.Debug|Mixed Platforms.Build.0 = Debug|x86
		{2087B5A3-5A02-4F6C-AB54-BDB96D32C291}.Debug|x86.ActiveCfg = Debug|x86
		{2087B5A3-5A02-4F6C-AB54-BDB96D32C291}.Debug|x86.Build.0 = Debug|x86
		{2087B5A3-5A02-4F6C-AB54-BDB96D32C291}.Release|Any CPU.ActiveCfg = Release|x86
		{2087B5A3-5A02-4F6C-AB54-BDB96D32C291}.Release|Mixed Platforms.ActiveCfg = Release|x86
		{2087B5A3-5A02-4F6C-AB54-BDB96D32C291}.Release|Mixed Platforms.Build.0 = Release|x86
		{2087B5A3-5A02-4F6C-AB54-BDB96D32C291}.Release|x86.ActiveCfg = Release|x86
		{2087B5A3-5A02-4F6C-AB54-BDB96D32C291}.Release|x86.Build.0 = Release|x86
		{CA805DDB-E41D-42A0-AF7E-2388E2670663}.Debug|Any CPU.ActiveCfg = Debug|Any CPU
		{CA805DDB-E41D-42A0-AF7E-2388E2670663}.Debug|Any CPU.Build.0 = Debug|Any CPU
		{CA805DDB-E41D-42A0-AF7E-2388E2670663}.Debug|Mixed Platforms.ActiveCfg = Debug|Any CPU
		{CA805DDB-E41D-42A0-AF7E-2388E2670663}.Debug|Mixed Platforms.Build.0 = Debug|Any CPU
		{CA805DDB-E41D-42A0-AF7E-2388E2670663}.Debug|x86.ActiveCfg = Debug|Any CPU
		{CA805DDB-E41D-42A0-AF7E-2388E2670663}.Release|Any CPU.ActiveCfg = Release|Any CPU
		{CA805DDB-E41D-42A0-AF7E-2388E2670663}.Release|Any CPU.Build.0 = Release|Any CPU
		{CA805DDB-E41D-42A0-AF7E-2388E2670663}.Release|Mixed Platforms.ActiveCfg = Release|Any CPU
		{CA805DDB-E41D-42A0-AF7E-2388E2670663}.Release|Mixed Platforms.Build.0 = Release|Any CPU
		{CA805DDB-E41D-42A0-AF7E-2388E2670663}.Release|x86.ActiveCfg = Release|Any CPU
		{043474E8-309A-42EB-904B-F570EA10E82D}.Debug|Any CPU.ActiveCfg = Debug|Any CPU
		{043474E8-309A-42EB-904B-F570EA10E82D}.Debug|Any CPU.Build.0 = Debug|Any CPU
		{043474E8-309A-42EB-904B-F570EA10E82D}.Debug|Mixed Platforms.ActiveCfg = Debug|Any CPU
		{043474E8-309A-42EB-904B-F570EA10E82D}.Debug|Mixed Platforms.Build.0 = Debug|Any CPU
		{043474E8-309A-42EB-904B-F570EA10E82D}.Debug|x86.ActiveCfg = Debug|Any CPU
		{043474E8-309A-42EB-904B-F570EA10E82D}.Release|Any CPU.ActiveCfg = Release|Any CPU
		{043474E8-309A-42EB-904B-F570EA10E82D}.Release|Any CPU.Build.0 = Release|Any CPU
		{043474E8-309A-42EB-904B-F570EA10E82D}.Release|Mixed Platforms.ActiveCfg = Release|Any CPU
		{043474E8-309A-42EB-904B-F570EA10E82D}.Release|Mixed Platforms.Build.0 = Release|Any CPU
		{043474E8-309A-42EB-904B-F570EA10E82D}.Release|x86.ActiveCfg = Release|Any CPU
		{4A484DEF-B640-468C-A7FB-B8602D1180A8}.Debug|Any CPU.ActiveCfg = Debug|x86
		{4A484DEF-B640-468C-A7FB-B8602D1180A8}.Debug|Mixed Platforms.ActiveCfg = Debug|x86
		{4A484DEF-B640-468C-A7FB-B8602D1180A8}.Debug|Mixed Platforms.Build.0 = Debug|x86
		{4A484DEF-B640-468C-A7FB-B8602D1180A8}.Debug|x86.ActiveCfg = Debug|x86
		{4A484DEF-B640-468C-A7FB-B8602D1180A8}.Debug|x86.Build.0 = Debug|x86
		{4A484DEF-B640-468C-A7FB-B8602D1180A8}.Release|Any CPU.ActiveCfg = Release|x86
		{4A484DEF-B640-468C-A7FB-B8602D1180A8}.Release|Mixed Platforms.ActiveCfg = Release|x86
		{4A484DEF-B640-468C-A7FB-B8602D1180A8}.Release|Mixed Platforms.Build.0 = Release|x86
		{4A484DEF-B640-468C-A7FB-B8602D1180A8}.Release|x86.ActiveCfg = Release|x86
		{4A484DEF-B640-468C-A7FB-B8602D1180A8}.Release|x86.Build.0 = Release|x86
		{1332C39F-C2F1-4431-AF9E-1315C322E51A}.Debug|Any CPU.ActiveCfg = Debug|x86
		{1332C39F-C2F1-4431-AF9E-1315C322E51A}.Debug|Mixed Platforms.ActiveCfg = Debug|x86
		{1332C39F-C2F1-4431-AF9E-1315C322E51A}.Debug|Mixed Platforms.Build.0 = Debug|x86
		{1332C39F-C2F1-4431-AF9E-1315C322E51A}.Debug|x86.ActiveCfg = Debug|x86
		{1332C39F-C2F1-4431-AF9E-1315C322E51A}.Debug|x86.Build.0 = Debug|x86
		{1332C39F-C2F1-4431-AF9E-1315C322E51A}.Release|Any CPU.ActiveCfg = Release|x86
		{1332C39F-C2F1-4431-AF9E-1315C322E51A}.Release|Mixed Platforms.ActiveCfg = Release|x86
		{1332C39F-C2F1-4431-AF9E-1315C322E51A}.Release|Mixed Platforms.Build.0 = Release|x86
		{1332C39F-C2F1-4431-AF9E-1315C322E51A}.Release|x86.ActiveCfg = Release|x86
		{1332C39F-C2F1-4431-AF9E-1315C322E51A}.Release|x86.Build.0 = Release|x86
		{63258335-EC44-4497-9016-167BDB8D0A53}.Debug|Any CPU.ActiveCfg = Debug|x86
		{63258335-EC44-4497-9016-167BDB8D0A53}.Debug|Mixed Platforms.ActiveCfg = Debug|x86
		{63258335-EC44-4497-9016-167BDB8D0A53}.Debug|Mixed Platforms.Build.0 = Debug|x86
		{63258335-EC44-4497-9016-167BDB8D0A53}.Debug|x86.ActiveCfg = Debug|x86
		{63258335-EC44-4497-9016-167BDB8D0A53}.Debug|x86.Build.0 = Debug|x86
		{63258335-EC44-4497-9016-167BDB8D0A53}.Release|Any CPU.ActiveCfg = Release|x86
		{63258335-EC44-4497-9016-167BDB8D0A53}.Release|Mixed Platforms.ActiveCfg = Release|x86
		{63258335-EC44-4497-9016-167BDB8D0A53}.Release|Mixed Platforms.Build.0 = Release|x86
		{63258335-EC44-4497-9016-167BDB8D0A53}.Release|x86.ActiveCfg = Release|x86
		{63258335-EC44-4497-9016-167BDB8D0A53}.Release|x86.Build.0 = Release|x86
	EndGlobalSection
	GlobalSection(SolutionProperties) = preSolution
		HideSolutionNode = FALSE
	EndGlobalSection
	GlobalSection(NestedProjects) = preSolution
		{4A484DEF-B640-468C-A7FB-B8602D1180A8} = {0EFCCCA4-4234-4A7A-8B6A-F4BDD12C226D}
		{2087B5A3-5A02-4F6C-AB54-BDB96D32C291} = {0EFCCCA4-4234-4A7A-8B6A-F4BDD12C226D}
		{1332C39F-C2F1-4431-AF9E-1315C322E51A} = {FD1D2A43-12D2-42B7-8640-1CBE8B094A77}
		{63258335-EC44-4497-9016-167BDB8D0A53} = {FD1D2A43-12D2-42B7-8640-1CBE8B094A77}
		{87AEA17F-9DF3-4702-ABFC-9FD3FE5562DD} = {AF2D9CC0-CBC1-47F3-847E-4ED35F139FAE}
	EndGlobalSection
EndGlobal
